// !$*UTF8*$!
{
	archiveVersion = 1;
	classes = {
	};
	objectVersion = 50;
	objects = {

/* Begin PBXBuildFile section */
		5A5287C2242E77BC0095D21D /* RoomIndex.swift in Sources */ = {isa = PBXBuildFile; fileRef = 5A5287C1242E77BC0095D21D /* RoomIndex.swift */; };
		6A01A4E9242E4DAF004A5B73 /* TableViewCell.swift in Sources */ = {isa = PBXBuildFile; fileRef = 6A01A4E8242E4DAF004A5B73 /* TableViewCell.swift */; };
		6A4347A5242CAE32000A852D /* RoomInfo.storyboard in Resources */ = {isa = PBXBuildFile; fileRef = 6A4347A4242CAE32000A852D /* RoomInfo.storyboard */; };
		6A4347A7242CB566000A852D /* RoundButton.swift in Sources */ = {isa = PBXBuildFile; fileRef = 6A4347A6242CB566000A852D /* RoundButton.swift */; };
		6A5D7F46242BCCDD001AA34B /* AppDelegate.swift in Sources */ = {isa = PBXBuildFile; fileRef = 6A5D7F45242BCCDD001AA34B /* AppDelegate.swift */; };
		6A5D7F48242BCCDD001AA34B /* SceneDelegate.swift in Sources */ = {isa = PBXBuildFile; fileRef = 6A5D7F47242BCCDD001AA34B /* SceneDelegate.swift */; };
		6A5D7F4A242BCCDD001AA34B /* RoomInfoViewController.swift in Sources */ = {isa = PBXBuildFile; fileRef = 6A5D7F49242BCCDD001AA34B /* RoomInfoViewController.swift */; };
		6A5D7F4F242BCCDE001AA34B /* Assets.xcassets in Resources */ = {isa = PBXBuildFile; fileRef = 6A5D7F4E242BCCDE001AA34B /* Assets.xcassets */; };
		6A5D7F52242BCCDE001AA34B /* LaunchScreen.storyboard in Resources */ = {isa = PBXBuildFile; fileRef = 6A5D7F50242BCCDE001AA34B /* LaunchScreen.storyboard */; };
		6A5D7F5D242BCCDE001AA34B /* TeamCleaningOptimizationTests.swift in Sources */ = {isa = PBXBuildFile; fileRef = 6A5D7F5C242BCCDE001AA34B /* TeamCleaningOptimizationTests.swift */; };
		6A5D7F68242BCCDE001AA34B /* TeamCleaningOptimizationUITests.swift in Sources */ = {isa = PBXBuildFile; fileRef = 6A5D7F67242BCCDE001AA34B /* TeamCleaningOptimizationUITests.swift */; };
		6ABE7FCF242BD1CC005A6D5D /* Main.storyboard in Resources */ = {isa = PBXBuildFile; fileRef = 6ABE7FCE242BD1CC005A6D5D /* Main.storyboard */; };
		6ABE7FDB242CA9EA005A6D5D /* TableViewController.swift in Sources */ = {isa = PBXBuildFile; fileRef = 6ABE7FDA242CA9EA005A6D5D /* TableViewController.swift */; };
		6ABE7FDD242CD43E005A6D5D /* .gitignore in Resources */ = {isa = PBXBuildFile; fileRef = 6ABE7FDC242CD43E005A6D5D /* .gitignore */; };
		6AE00CD0242F5F2D00A34F64 /* RoomInfo.swift in Sources */ = {isa = PBXBuildFile; fileRef = 6AE00CCF242F5F2D00A34F64 /* RoomInfo.swift */; };
		6AE00CD22430A9CA00A34F64 /* Report.swift in Sources */ = {isa = PBXBuildFile; fileRef = 6AE00CD12430A9CA00A34F64 /* Report.swift */; };
/* End PBXBuildFile section */

/* Begin PBXContainerItemProxy section */
		6A5D7F59242BCCDE001AA34B /* PBXContainerItemProxy */ = {
			isa = PBXContainerItemProxy;
			containerPortal = 6A5D7F3A242BCCDD001AA34B /* Project object */;
			proxyType = 1;
			remoteGlobalIDString = 6A5D7F41242BCCDD001AA34B;
			remoteInfo = TeamCleaningOptimization;
		};
		6A5D7F64242BCCDE001AA34B /* PBXContainerItemProxy */ = {
			isa = PBXContainerItemProxy;
			containerPortal = 6A5D7F3A242BCCDD001AA34B /* Project object */;
			proxyType = 1;
			remoteGlobalIDString = 6A5D7F41242BCCDD001AA34B;
			remoteInfo = TeamCleaningOptimization;
		};
/* End PBXContainerItemProxy section */

/* Begin PBXFileReference section */
		5A5287C1242E77BC0095D21D /* RoomIndex.swift */ = {isa = PBXFileReference; lastKnownFileType = sourcecode.swift; path = RoomIndex.swift; sourceTree = "<group>"; };
		6A01A4E8242E4DAF004A5B73 /* TableViewCell.swift */ = {isa = PBXFileReference; lastKnownFileType = sourcecode.swift; path = TableViewCell.swift; sourceTree = "<group>"; };
		6A4347A4242CAE32000A852D /* RoomInfo.storyboard */ = {isa = PBXFileReference; lastKnownFileType = file.storyboard; path = RoomInfo.storyboard; sourceTree = "<group>"; };
		6A4347A6242CB566000A852D /* RoundButton.swift */ = {isa = PBXFileReference; lastKnownFileType = sourcecode.swift; path = RoundButton.swift; sourceTree = "<group>"; };
		6A5D7F42242BCCDD001AA34B /* TeamCleaningOptimization.app */ = {isa = PBXFileReference; explicitFileType = wrapper.application; includeInIndex = 0; path = TeamCleaningOptimization.app; sourceTree = BUILT_PRODUCTS_DIR; };
		6A5D7F45242BCCDD001AA34B /* AppDelegate.swift */ = {isa = PBXFileReference; lastKnownFileType = sourcecode.swift; path = AppDelegate.swift; sourceTree = "<group>"; };
		6A5D7F47242BCCDD001AA34B /* SceneDelegate.swift */ = {isa = PBXFileReference; lastKnownFileType = sourcecode.swift; path = SceneDelegate.swift; sourceTree = "<group>"; };
		6A5D7F49242BCCDD001AA34B /* RoomInfoViewController.swift */ = {isa = PBXFileReference; lastKnownFileType = sourcecode.swift; path = RoomInfoViewController.swift; sourceTree = "<group>"; };
		6A5D7F4E242BCCDE001AA34B /* Assets.xcassets */ = {isa = PBXFileReference; lastKnownFileType = folder.assetcatalog; path = Assets.xcassets; sourceTree = "<group>"; };
		6A5D7F51242BCCDE001AA34B /* Base */ = {isa = PBXFileReference; lastKnownFileType = file.storyboard; name = Base; path = Base.lproj/LaunchScreen.storyboard; sourceTree = "<group>"; };
		6A5D7F53242BCCDE001AA34B /* Info.plist */ = {isa = PBXFileReference; lastKnownFileType = text.plist.xml; path = Info.plist; sourceTree = "<group>"; };
		6A5D7F58242BCCDE001AA34B /* TeamCleaningOptimizationTests.xctest */ = {isa = PBXFileReference; explicitFileType = wrapper.cfbundle; includeInIndex = 0; path = TeamCleaningOptimizationTests.xctest; sourceTree = BUILT_PRODUCTS_DIR; };
		6A5D7F5C242BCCDE001AA34B /* TeamCleaningOptimizationTests.swift */ = {isa = PBXFileReference; lastKnownFileType = sourcecode.swift; path = TeamCleaningOptimizationTests.swift; sourceTree = "<group>"; };
		6A5D7F5E242BCCDE001AA34B /* Info.plist */ = {isa = PBXFileReference; lastKnownFileType = text.plist.xml; path = Info.plist; sourceTree = "<group>"; };
		6A5D7F63242BCCDE001AA34B /* TeamCleaningOptimizationUITests.xctest */ = {isa = PBXFileReference; explicitFileType = wrapper.cfbundle; includeInIndex = 0; path = TeamCleaningOptimizationUITests.xctest; sourceTree = BUILT_PRODUCTS_DIR; };
		6A5D7F67242BCCDE001AA34B /* TeamCleaningOptimizationUITests.swift */ = {isa = PBXFileReference; lastKnownFileType = sourcecode.swift; path = TeamCleaningOptimizationUITests.swift; sourceTree = "<group>"; };
		6A5D7F69242BCCDE001AA34B /* Info.plist */ = {isa = PBXFileReference; lastKnownFileType = text.plist.xml; path = Info.plist; sourceTree = "<group>"; };
		6ABE7FCE242BD1CC005A6D5D /* Main.storyboard */ = {isa = PBXFileReference; lastKnownFileType = file.storyboard; path = Main.storyboard; sourceTree = "<group>"; };
		6ABE7FDA242CA9EA005A6D5D /* TableViewController.swift */ = {isa = PBXFileReference; lastKnownFileType = sourcecode.swift; path = TableViewController.swift; sourceTree = "<group>"; };
		6ABE7FDC242CD43E005A6D5D /* .gitignore */ = {isa = PBXFileReference; lastKnownFileType = text; path = .gitignore; sourceTree = "<group>"; };
		6AE00CCF242F5F2D00A34F64 /* RoomInfo.swift */ = {isa = PBXFileReference; lastKnownFileType = sourcecode.swift; path = RoomInfo.swift; sourceTree = "<group>"; };
		6AE00CD12430A9CA00A34F64 /* Report.swift */ = {isa = PBXFileReference; lastKnownFileType = sourcecode.swift; path = Report.swift; sourceTree = "<group>"; };
/* End PBXFileReference section */

/* Begin PBXFrameworksBuildPhase section */
		6A5D7F3F242BCCDD001AA34B /* Frameworks */ = {
			isa = PBXFrameworksBuildPhase;
			buildActionMask = 2147483647;
			files = (
			);
			runOnlyForDeploymentPostprocessing = 0;
		};
		6A5D7F55242BCCDE001AA34B /* Frameworks */ = {
			isa = PBXFrameworksBuildPhase;
			buildActionMask = 2147483647;
			files = (
			);
			runOnlyForDeploymentPostprocessing = 0;
		};
		6A5D7F60242BCCDE001AA34B /* Frameworks */ = {
			isa = PBXFrameworksBuildPhase;
			buildActionMask = 2147483647;
			files = (
			);
			runOnlyForDeploymentPostprocessing = 0;
		};
/* End PBXFrameworksBuildPhase section */

/* Begin PBXGroup section */
		6A5D7F39242BCCDD001AA34B = {
			isa = PBXGroup;
			children = (
				6ABE7FDC242CD43E005A6D5D /* .gitignore */,
				6A5D7F44242BCCDD001AA34B /* TeamCleaningOptimization */,
				6A5D7F5B242BCCDE001AA34B /* TeamCleaningOptimizationTests */,
				6A5D7F66242BCCDE001AA34B /* TeamCleaningOptimizationUITests */,
				6A5D7F43242BCCDD001AA34B /* Products */,
			);
			sourceTree = "<group>";
		};
		6A5D7F43242BCCDD001AA34B /* Products */ = {
			isa = PBXGroup;
			children = (
				6A5D7F42242BCCDD001AA34B /* TeamCleaningOptimization.app */,
				6A5D7F58242BCCDE001AA34B /* TeamCleaningOptimizationTests.xctest */,
				6A5D7F63242BCCDE001AA34B /* TeamCleaningOptimizationUITests.xctest */,
			);
			name = Products;
			sourceTree = "<group>";
		};
		6A5D7F44242BCCDD001AA34B /* TeamCleaningOptimization */ = {
			isa = PBXGroup;
			children = (
				6AFC374D24320F1200B36A60 /* ViewControllers */,
				6AFC374C24320E9C00B36A60 /* Storyboards */,
				6AE00CCE242F5F1100A34F64 /* Model */,
				6AE00CCD242F5EE100A34F64 /* CustomViews */,
				6A5D7F45242BCCDD001AA34B /* AppDelegate.swift */,
				6A5D7F47242BCCDD001AA34B /* SceneDelegate.swift */,
				6A5D7F4E242BCCDE001AA34B /* Assets.xcassets */,
				6A5D7F53242BCCDE001AA34B /* Info.plist */,
			);
			path = TeamCleaningOptimization;
			sourceTree = "<group>";
		};
		6A5D7F5B242BCCDE001AA34B /* TeamCleaningOptimizationTests */ = {
			isa = PBXGroup;
			children = (
				6A5D7F5C242BCCDE001AA34B /* TeamCleaningOptimizationTests.swift */,
				6A5D7F5E242BCCDE001AA34B /* Info.plist */,
			);
			path = TeamCleaningOptimizationTests;
			sourceTree = "<group>";
		};
		6A5D7F66242BCCDE001AA34B /* TeamCleaningOptimizationUITests */ = {
			isa = PBXGroup;
			children = (
				6A5D7F67242BCCDE001AA34B /* TeamCleaningOptimizationUITests.swift */,
				6A5D7F69242BCCDE001AA34B /* Info.plist */,
			);
			path = TeamCleaningOptimizationUITests;
			sourceTree = "<group>";
		};
		6AE00CCD242F5EE100A34F64 /* CustomViews */ = {
			isa = PBXGroup;
			children = (
				6A01A4E8242E4DAF004A5B73 /* TableViewCell.swift */,
				6A4347A6242CB566000A852D /* RoundButton.swift */,
			);
			path = CustomViews;
			sourceTree = "<group>";
		};
		6AE00CCE242F5F1100A34F64 /* Model */ = {
			isa = PBXGroup;
			children = (
				5A5287C1242E77BC0095D21D /* RoomIndex.swift */,
				6AE00CCF242F5F2D00A34F64 /* RoomInfo.swift */,
				6AE00CD12430A9CA00A34F64 /* Report.swift */,
			);
			path = Model;
			sourceTree = "<group>";
		};
		6AFC374C24320E9C00B36A60 /* Storyboards */ = {
			isa = PBXGroup;
			children = (
				6A5D7F50242BCCDE001AA34B /* LaunchScreen.storyboard */,
				6A4347A4242CAE32000A852D /* RoomInfo.storyboard */,
				6ABE7FCE242BD1CC005A6D5D /* Main.storyboard */,
			);
			path = Storyboards;
			sourceTree = "<group>";
		};
		6AFC374D24320F1200B36A60 /* ViewControllers */ = {
			isa = PBXGroup;
			children = (
				6A5D7F49242BCCDD001AA34B /* RoomInfoViewController.swift */,
				6ABE7FDA242CA9EA005A6D5D /* TableViewController.swift */,
			);
			path = ViewControllers;
			sourceTree = "<group>";
		};
/* End PBXGroup section */

/* Begin PBXNativeTarget section */
		6A5D7F41242BCCDD001AA34B /* TeamCleaningOptimization */ = {
			isa = PBXNativeTarget;
			buildConfigurationList = 6A5D7F6C242BCCDE001AA34B /* Build configuration list for PBXNativeTarget "TeamCleaningOptimization" */;
			buildPhases = (
				6A5D7F3E242BCCDD001AA34B /* Sources */,
				6A5D7F3F242BCCDD001AA34B /* Frameworks */,
				6A5D7F40242BCCDD001AA34B /* Resources */,
			);
			buildRules = (
			);
			dependencies = (
			);
			name = TeamCleaningOptimization;
			productName = TeamCleaningOptimization;
			productReference = 6A5D7F42242BCCDD001AA34B /* TeamCleaningOptimization.app */;
			productType = "com.apple.product-type.application";
		};
		6A5D7F57242BCCDE001AA34B /* TeamCleaningOptimizationTests */ = {
			isa = PBXNativeTarget;
			buildConfigurationList = 6A5D7F6F242BCCDE001AA34B /* Build configuration list for PBXNativeTarget "TeamCleaningOptimizationTests" */;
			buildPhases = (
				6A5D7F54242BCCDE001AA34B /* Sources */,
				6A5D7F55242BCCDE001AA34B /* Frameworks */,
				6A5D7F56242BCCDE001AA34B /* Resources */,
			);
			buildRules = (
			);
			dependencies = (
				6A5D7F5A242BCCDE001AA34B /* PBXTargetDependency */,
			);
			name = TeamCleaningOptimizationTests;
			productName = TeamCleaningOptimizationTests;
			productReference = 6A5D7F58242BCCDE001AA34B /* TeamCleaningOptimizationTests.xctest */;
			productType = "com.apple.product-type.bundle.unit-test";
		};
		6A5D7F62242BCCDE001AA34B /* TeamCleaningOptimizationUITests */ = {
			isa = PBXNativeTarget;
			buildConfigurationList = 6A5D7F72242BCCDE001AA34B /* Build configuration list for PBXNativeTarget "TeamCleaningOptimizationUITests" */;
			buildPhases = (
				6A5D7F5F242BCCDE001AA34B /* Sources */,
				6A5D7F60242BCCDE001AA34B /* Frameworks */,
				6A5D7F61242BCCDE001AA34B /* Resources */,
			);
			buildRules = (
			);
			dependencies = (
				6A5D7F65242BCCDE001AA34B /* PBXTargetDependency */,
			);
			name = TeamCleaningOptimizationUITests;
			productName = TeamCleaningOptimizationUITests;
			productReference = 6A5D7F63242BCCDE001AA34B /* TeamCleaningOptimizationUITests.xctest */;
			productType = "com.apple.product-type.bundle.ui-testing";
		};
/* End PBXNativeTarget section */

/* Begin PBXProject section */
		6A5D7F3A242BCCDD001AA34B /* Project object */ = {
			isa = PBXProject;
			attributes = {
				LastSwiftUpdateCheck = 1130;
				LastUpgradeCheck = 1130;
				ORGANIZATIONNAME = TeamCleaningOptimization;
				TargetAttributes = {
					6A5D7F41242BCCDD001AA34B = {
						CreatedOnToolsVersion = 11.3;
					};
					6A5D7F57242BCCDE001AA34B = {
						CreatedOnToolsVersion = 11.3;
						TestTargetID = 6A5D7F41242BCCDD001AA34B;
					};
					6A5D7F62242BCCDE001AA34B = {
						CreatedOnToolsVersion = 11.3;
						TestTargetID = 6A5D7F41242BCCDD001AA34B;
					};
				};
			};
			buildConfigurationList = 6A5D7F3D242BCCDD001AA34B /* Build configuration list for PBXProject "TeamCleaningOptimization" */;
			compatibilityVersion = "Xcode 9.3";
			developmentRegion = en;
			hasScannedForEncodings = 0;
			knownRegions = (
				en,
				Base,
			);
			mainGroup = 6A5D7F39242BCCDD001AA34B;
			productRefGroup = 6A5D7F43242BCCDD001AA34B /* Products */;
			projectDirPath = "";
			projectRoot = "";
			targets = (
				6A5D7F41242BCCDD001AA34B /* TeamCleaningOptimization */,
				6A5D7F57242BCCDE001AA34B /* TeamCleaningOptimizationTests */,
				6A5D7F62242BCCDE001AA34B /* TeamCleaningOptimizationUITests */,
			);
		};
/* End PBXProject section */

/* Begin PBXResourcesBuildPhase section */
		6A5D7F40242BCCDD001AA34B /* Resources */ = {
			isa = PBXResourcesBuildPhase;
			buildActionMask = 2147483647;
			files = (
				6ABE7FDD242CD43E005A6D5D /* .gitignore in Resources */,
				6A5D7F52242BCCDE001AA34B /* LaunchScreen.storyboard in Resources */,
				6A5D7F4F242BCCDE001AA34B /* Assets.xcassets in Resources */,
				6ABE7FCF242BD1CC005A6D5D /* Main.storyboard in Resources */,
				6A4347A5242CAE32000A852D /* RoomInfo.storyboard in Resources */,
			);
			runOnlyForDeploymentPostprocessing = 0;
		};
		6A5D7F56242BCCDE001AA34B /* Resources */ = {
			isa = PBXResourcesBuildPhase;
			buildActionMask = 2147483647;
			files = (
			);
			runOnlyForDeploymentPostprocessing = 0;
		};
		6A5D7F61242BCCDE001AA34B /* Resources */ = {
			isa = PBXResourcesBuildPhase;
			buildActionMask = 2147483647;
			files = (
			);
			runOnlyForDeploymentPostprocessing = 0;
		};
/* End PBXResourcesBuildPhase section */

/* Begin PBXSourcesBuildPhase section */
		6A5D7F3E242BCCDD001AA34B /* Sources */ = {
			isa = PBXSourcesBuildPhase;
			buildActionMask = 2147483647;
			files = (
				6A01A4E9242E4DAF004A5B73 /* TableViewCell.swift in Sources */,
				5A5287C2242E77BC0095D21D /* RoomIndex.swift in Sources */,
				6A5D7F4A242BCCDD001AA34B /* RoomInfoViewController.swift in Sources */,
				6A4347A7242CB566000A852D /* RoundButton.swift in Sources */,
				6AE00CD22430A9CA00A34F64 /* Report.swift in Sources */,
				6A5D7F46242BCCDD001AA34B /* AppDelegate.swift in Sources */,
				6A5D7F48242BCCDD001AA34B /* SceneDelegate.swift in Sources */,
				6AE00CD0242F5F2D00A34F64 /* RoomInfo.swift in Sources */,
				6ABE7FDB242CA9EA005A6D5D /* TableViewController.swift in Sources */,
			);
			runOnlyForDeploymentPostprocessing = 0;
		};
		6A5D7F54242BCCDE001AA34B /* Sources */ = {
			isa = PBXSourcesBuildPhase;
			buildActionMask = 2147483647;
			files = (
				6A5D7F5D242BCCDE001AA34B /* TeamCleaningOptimizationTests.swift in Sources */,
			);
			runOnlyForDeploymentPostprocessing = 0;
		};
		6A5D7F5F242BCCDE001AA34B /* Sources */ = {
			isa = PBXSourcesBuildPhase;
			buildActionMask = 2147483647;
			files = (
				6A5D7F68242BCCDE001AA34B /* TeamCleaningOptimizationUITests.swift in Sources */,
			);
			runOnlyForDeploymentPostprocessing = 0;
		};
/* End PBXSourcesBuildPhase section */

/* Begin PBXTargetDependency section */
		6A5D7F5A242BCCDE001AA34B /* PBXTargetDependency */ = {
			isa = PBXTargetDependency;
			target = 6A5D7F41242BCCDD001AA34B /* TeamCleaningOptimization */;
			targetProxy = 6A5D7F59242BCCDE001AA34B /* PBXContainerItemProxy */;
		};
		6A5D7F65242BCCDE001AA34B /* PBXTargetDependency */ = {
			isa = PBXTargetDependency;
			target = 6A5D7F41242BCCDD001AA34B /* TeamCleaningOptimization */;
			targetProxy = 6A5D7F64242BCCDE001AA34B /* PBXContainerItemProxy */;
		};
/* End PBXTargetDependency section */

/* Begin PBXVariantGroup section */
		6A5D7F50242BCCDE001AA34B /* LaunchScreen.storyboard */ = {
			isa = PBXVariantGroup;
			children = (
				6A5D7F51242BCCDE001AA34B /* Base */,
			);
			name = LaunchScreen.storyboard;
			sourceTree = "<group>";
		};
/* End PBXVariantGroup section */

/* Begin XCBuildConfiguration section */
		6A5D7F6A242BCCDE001AA34B /* Debug */ = {
			isa = XCBuildConfiguration;
			buildSettings = {
				ALWAYS_SEARCH_USER_PATHS = NO;
				CLANG_ANALYZER_NONNULL = YES;
				CLANG_ANALYZER_NUMBER_OBJECT_CONVERSION = YES_AGGRESSIVE;
				CLANG_CXX_LANGUAGE_STANDARD = "gnu++14";
				CLANG_CXX_LIBRARY = "libc++";
				CLANG_ENABLE_MODULES = YES;
				CLANG_ENABLE_OBJC_ARC = YES;
				CLANG_ENABLE_OBJC_WEAK = YES;
				CLANG_WARN_BLOCK_CAPTURE_AUTORELEASING = YES;
				CLANG_WARN_BOOL_CONVERSION = YES;
				CLANG_WARN_COMMA = YES;
				CLANG_WARN_CONSTANT_CONVERSION = YES;
				CLANG_WARN_DEPRECATED_OBJC_IMPLEMENTATIONS = YES;
				CLANG_WARN_DIRECT_OBJC_ISA_USAGE = YES_ERROR;
				CLANG_WARN_DOCUMENTATION_COMMENTS = YES;
				CLANG_WARN_EMPTY_BODY = YES;
				CLANG_WARN_ENUM_CONVERSION = YES;
				CLANG_WARN_INFINITE_RECURSION = YES;
				CLANG_WARN_INT_CONVERSION = YES;
				CLANG_WARN_NON_LITERAL_NULL_CONVERSION = YES;
				CLANG_WARN_OBJC_IMPLICIT_RETAIN_SELF = YES;
				CLANG_WARN_OBJC_LITERAL_CONVERSION = YES;
				CLANG_WARN_OBJC_ROOT_CLASS = YES_ERROR;
				CLANG_WARN_RANGE_LOOP_ANALYSIS = YES;
				CLANG_WARN_STRICT_PROTOTYPES = YES;
				CLANG_WARN_SUSPICIOUS_MOVE = YES;
				CLANG_WARN_UNGUARDED_AVAILABILITY = YES_AGGRESSIVE;
				CLANG_WARN_UNREACHABLE_CODE = YES;
				CLANG_WARN__DUPLICATE_METHOD_MATCH = YES;
				COPY_PHASE_STRIP = NO;
				DEBUG_INFORMATION_FORMAT = dwarf;
				ENABLE_STRICT_OBJC_MSGSEND = YES;
				ENABLE_TESTABILITY = YES;
				GCC_C_LANGUAGE_STANDARD = gnu11;
				GCC_DYNAMIC_NO_PIC = NO;
				GCC_NO_COMMON_BLOCKS = YES;
				GCC_OPTIMIZATION_LEVEL = 0;
				GCC_PREPROCESSOR_DEFINITIONS = (
					"DEBUG=1",
					"$(inherited)",
				);
				GCC_WARN_64_TO_32_BIT_CONVERSION = YES;
				GCC_WARN_ABOUT_RETURN_TYPE = YES_ERROR;
				GCC_WARN_UNDECLARED_SELECTOR = YES;
				GCC_WARN_UNINITIALIZED_AUTOS = YES_AGGRESSIVE;
				GCC_WARN_UNUSED_FUNCTION = YES;
				GCC_WARN_UNUSED_VARIABLE = YES;
				IPHONEOS_DEPLOYMENT_TARGET = 13.2;
				MTL_ENABLE_DEBUG_INFO = INCLUDE_SOURCE;
				MTL_FAST_MATH = YES;
				ONLY_ACTIVE_ARCH = YES;
				SDKROOT = iphoneos;
				SWIFT_ACTIVE_COMPILATION_CONDITIONS = DEBUG;
				SWIFT_OPTIMIZATION_LEVEL = "-Onone";
			};
			name = Debug;
		};
		6A5D7F6B242BCCDE001AA34B /* Release */ = {
			isa = XCBuildConfiguration;
			buildSettings = {
				ALWAYS_SEARCH_USER_PATHS = NO;
				CLANG_ANALYZER_NONNULL = YES;
				CLANG_ANALYZER_NUMBER_OBJECT_CONVERSION = YES_AGGRESSIVE;
				CLANG_CXX_LANGUAGE_STANDARD = "gnu++14";
				CLANG_CXX_LIBRARY = "libc++";
				CLANG_ENABLE_MODULES = YES;
				CLANG_ENABLE_OBJC_ARC = YES;
				CLANG_ENABLE_OBJC_WEAK = YES;
				CLANG_WARN_BLOCK_CAPTURE_AUTORELEASING = YES;
				CLANG_WARN_BOOL_CONVERSION = YES;
				CLANG_WARN_COMMA = YES;
				CLANG_WARN_CONSTANT_CONVERSION = YES;
				CLANG_WARN_DEPRECATED_OBJC_IMPLEMENTATIONS = YES;
				CLANG_WARN_DIRECT_OBJC_ISA_USAGE = YES_ERROR;
				CLANG_WARN_DOCUMENTATION_COMMENTS = YES;
				CLANG_WARN_EMPTY_BODY = YES;
				CLANG_WARN_ENUM_CONVERSION = YES;
				CLANG_WARN_INFINITE_RECURSION = YES;
				CLANG_WARN_INT_CONVERSION = YES;
				CLANG_WARN_NON_LITERAL_NULL_CONVERSION = YES;
				CLANG_WARN_OBJC_IMPLICIT_RETAIN_SELF = YES;
				CLANG_WARN_OBJC_LITERAL_CONVERSION = YES;
				CLANG_WARN_OBJC_ROOT_CLASS = YES_ERROR;
				CLANG_WARN_RANGE_LOOP_ANALYSIS = YES;
				CLANG_WARN_STRICT_PROTOTYPES = YES;
				CLANG_WARN_SUSPICIOUS_MOVE = YES;
				CLANG_WARN_UNGUARDED_AVAILABILITY = YES_AGGRESSIVE;
				CLANG_WARN_UNREACHABLE_CODE = YES;
				CLANG_WARN__DUPLICATE_METHOD_MATCH = YES;
				COPY_PHASE_STRIP = NO;
				DEBUG_INFORMATION_FORMAT = "dwarf-with-dsym";
				ENABLE_NS_ASSERTIONS = NO;
				ENABLE_STRICT_OBJC_MSGSEND = YES;
				GCC_C_LANGUAGE_STANDARD = gnu11;
				GCC_NO_COMMON_BLOCKS = YES;
				GCC_WARN_64_TO_32_BIT_CONVERSION = YES;
				GCC_WARN_ABOUT_RETURN_TYPE = YES_ERROR;
				GCC_WARN_UNDECLARED_SELECTOR = YES;
				GCC_WARN_UNINITIALIZED_AUTOS = YES_AGGRESSIVE;
				GCC_WARN_UNUSED_FUNCTION = YES;
				GCC_WARN_UNUSED_VARIABLE = YES;
				IPHONEOS_DEPLOYMENT_TARGET = 13.2;
				MTL_ENABLE_DEBUG_INFO = NO;
				MTL_FAST_MATH = YES;
				SDKROOT = iphoneos;
				SWIFT_COMPILATION_MODE = wholemodule;
				SWIFT_OPTIMIZATION_LEVEL = "-O";
				VALIDATE_PRODUCT = YES;
			};
			name = Release;
		};
		6A5D7F6D242BCCDE001AA34B /* Debug */ = {
			isa = XCBuildConfiguration;
			buildSettings = {
				ASSETCATALOG_COMPILER_APPICON_NAME = AppIcon;
				CODE_SIGN_STYLE = Automatic;
				DEVELOPMENT_TEAM = 6NB4523R5F;
				INFOPLIST_FILE = TeamCleaningOptimization/Info.plist;
				LD_RUNPATH_SEARCH_PATHS = (
					"$(inherited)",
					"@executable_path/Frameworks",
				);
				PRODUCT_BUNDLE_IDENTIFIER = com.example.TeamCleaningOptimization;
				PRODUCT_NAME = "$(TARGET_NAME)";
				SWIFT_VERSION = 5.0;
				TARGETED_DEVICE_FAMILY = "1,2";
			};
			name = Debug;
		};
		6A5D7F6E242BCCDE001AA34B /* Release */ = {
			isa = XCBuildConfiguration;
			buildSettings = {
				ASSETCATALOG_COMPILER_APPICON_NAME = AppIcon;
				CODE_SIGN_STYLE = Automatic;
				DEVELOPMENT_TEAM = 6NB4523R5F;
				INFOPLIST_FILE = TeamCleaningOptimization/Info.plist;
				LD_RUNPATH_SEARCH_PATHS = (
					"$(inherited)",
					"@executable_path/Frameworks",
				);
				PRODUCT_BUNDLE_IDENTIFIER = com.example.TeamCleaningOptimization;
				PRODUCT_NAME = "$(TARGET_NAME)";
				SWIFT_VERSION = 5.0;
				TARGETED_DEVICE_FAMILY = "1,2";
			};
			name = Release;
		};
		6A5D7F70242BCCDE001AA34B /* Debug */ = {
			isa = XCBuildConfiguration;
			buildSettings = {
				ALWAYS_EMBED_SWIFT_STANDARD_LIBRARIES = YES;
				BUNDLE_LOADER = "$(TEST_HOST)";
				CODE_SIGN_STYLE = Automatic;
				INFOPLIST_FILE = TeamCleaningOptimizationTests/Info.plist;
				IPHONEOS_DEPLOYMENT_TARGET = 13.2;
				LD_RUNPATH_SEARCH_PATHS = (
					"$(inherited)",
					"@executable_path/Frameworks",
					"@loader_path/Frameworks",
				);
				PRODUCT_BUNDLE_IDENTIFIER = com.example.TeamCleaningOptimizationTests;
				PRODUCT_NAME = "$(TARGET_NAME)";
				SWIFT_VERSION = 5.0;
				TARGETED_DEVICE_FAMILY = "1,2";
				TEST_HOST = "$(BUILT_PRODUCTS_DIR)/TeamCleaningOptimization.app/TeamCleaningOptimization";
			};
			name = Debug;
		};
		6A5D7F71242BCCDE001AA34B /* Release */ = {
			isa = XCBuildConfiguration;
			buildSettings = {
				ALWAYS_EMBED_SWIFT_STANDARD_LIBRARIES = YES;
				BUNDLE_LOADER = "$(TEST_HOST)";
				CODE_SIGN_STYLE = Automatic;
				INFOPLIST_FILE = TeamCleaningOptimizationTests/Info.plist;
				IPHONEOS_DEPLOYMENT_TARGET = 13.2;
				LD_RUNPATH_SEARCH_PATHS = (
					"$(inherited)",
					"@executable_path/Frameworks",
					"@loader_path/Frameworks",
				);
				PRODUCT_BUNDLE_IDENTIFIER = com.example.TeamCleaningOptimizationTests;
				PRODUCT_NAME = "$(TARGET_NAME)";
				SWIFT_VERSION = 5.0;
				TARGETED_DEVICE_FAMILY = "1,2";
				TEST_HOST = "$(BUILT_PRODUCTS_DIR)/TeamCleaningOptimization.app/TeamCleaningOptimization";
			};
			name = Release;
		};
		6A5D7F73242BCCDE001AA34B /* Debug */ = {
			isa = XCBuildConfiguration;
			buildSettings = {
				ALWAYS_EMBED_SWIFT_STANDARD_LIBRARIES = YES;
				CODE_SIGN_STYLE = Automatic;
				INFOPLIST_FILE = TeamCleaningOptimizationUITests/Info.plist;
				LD_RUNPATH_SEARCH_PATHS = (
					"$(inherited)",
					"@executable_path/Frameworks",
					"@loader_path/Frameworks",
				);
				PRODUCT_BUNDLE_IDENTIFIER = com.example.TeamCleaningOptimizationUITests;
				PRODUCT_NAME = "$(TARGET_NAME)";
				SWIFT_VERSION = 5.0;
				TARGETED_DEVICE_FAMILY = "1,2";
				TEST_TARGET_NAME = TeamCleaningOptimization;
			};
			name = Debug;
		};
		6A5D7F74242BCCDE001AA34B /* Release */ = {
			isa = XCBuildConfiguration;
			buildSettings = {
				ALWAYS_EMBED_SWIFT_STANDARD_LIBRARIES = YES;
				CODE_SIGN_STYLE = Automatic;
				INFOPLIST_FILE = TeamCleaningOptimizationUITests/Info.plist;
				LD_RUNPATH_SEARCH_PATHS = (
					"$(inherited)",
					"@executable_path/Frameworks",
					"@loader_path/Frameworks",
				);
				PRODUCT_BUNDLE_IDENTIFIER = com.example.TeamCleaningOptimizationUITests;
				PRODUCT_NAME = "$(TARGET_NAME)";
				SWIFT_VERSION = 5.0;
				TARGETED_DEVICE_FAMILY = "1,2";
				TEST_TARGET_NAME = TeamCleaningOptimization;
			};
			name = Release;
		};
/* End XCBuildConfiguration section */

/* Begin XCConfigurationList section */
		6A5D7F3D242BCCDD001AA34B /* Build configuration list for PBXProject "TeamCleaningOptimization" */ = {
			isa = XCConfigurationList;
			buildConfigurations = (
				6A5D7F6A242BCCDE001AA34B /* Debug */,
				6A5D7F6B242BCCDE001AA34B /* Release */,
			);
			defaultConfigurationIsVisible = 0;
			defaultConfigurationName = Release;
		};
		6A5D7F6C242BCCDE001AA34B /* Build configuration list for PBXNativeTarget "TeamCleaningOptimization" */ = {
			isa = XCConfigurationList;
			buildConfigurations = (
				6A5D7F6D242BCCDE001AA34B /* Debug */,
				6A5D7F6E242BCCDE001AA34B /* Release */,
			);
			defaultConfigurationIsVisible = 0;
			defaultConfigurationName = Release;
		};
		6A5D7F6F242BCCDE001AA34B /* Build configuration list for PBXNativeTarget "TeamCleaningOptimizationTests" */ = {
			isa = XCConfigurationList;
			buildConfigurations = (
				6A5D7F70242BCCDE001AA34B /* Debug */,
				6A5D7F71242BCCDE001AA34B /* Release */,
			);
			defaultConfigurationIsVisible = 0;
			defaultConfigurationName = Release;
		};
		6A5D7F72242BCCDE001AA34B /* Build configuration list for PBXNativeTarget "TeamCleaningOptimizationUITests" */ = {
			isa = XCConfigurationList;
			buildConfigurations = (
				6A5D7F73242BCCDE001AA34B /* Debug */,
				6A5D7F74242BCCDE001AA34B /* Release */,
			);
			defaultConfigurationIsVisible = 0;
			defaultConfigurationName = Release;
		};
/* End XCConfigurationList section */
	};
	rootObject = 6A5D7F3A242BCCDD001AA34B /* Project object */;
}
